
Microsoft Visual Studio Solution File, Format Version 12.00
# Visual Studio 15
VisualStudioVersion = 15.0.26730.15
MinimumVisualStudioVersion = 10.0.40219.1
Project("{2150E333-8FDC-42A3-9474-1A3956D46DE8}") = "TestProjects", "TestProjects", "{E05687BD-69EB-4228-BD46-5D216CD68F01}"
EndProject
Project("{2150E333-8FDC-42A3-9474-1A3956D46DE8}") = "Playground", "Playground", "{672BE1BB-5782-4052-80F2-BE27FF941D68}"
EndProject
Project("{FAE04EC0-301F-11D3-BF4B-00C04F79EFBC}") = "Playground.Core", "TestProjects\Playground\Playground.Core\Playground.Core.csproj", "{56CD2748-857D-442A-9268-95D99F552840}"
EndProject
Project("{FAE04EC0-301F-11D3-BF4B-00C04F79EFBC}") = "Playground.Forms.Droid", "TestProjects\Playground\Playground.Forms.Droid\Playground.Forms.Droid.csproj", "{A8A8B9B3-34FA-4769-AE81-4D80F9BDC3BB}"
EndProject
Project("{FAE04EC0-301F-11D3-BF4B-00C04F79EFBC}") = "Playground.Forms.iOS", "TestProjects\Playground\Playground.Forms.iOS\Playground.Forms.iOS.csproj", "{344370AA-AC33-4E7B-8C82-67CEA99F45ED}"
EndProject
Global
	GlobalSection(SolutionConfigurationPlatforms) = preSolution
		Ad-Hoc|Any CPU = Ad-Hoc|Any CPU
		Ad-Hoc|ARM = Ad-Hoc|ARM
		Ad-Hoc|iPhone = Ad-Hoc|iPhone
		Ad-Hoc|iPhoneSimulator = Ad-Hoc|iPhoneSimulator
		Ad-Hoc|Mixed Platforms = Ad-Hoc|Mixed Platforms
		Ad-Hoc|x64 = Ad-Hoc|x64
		Ad-Hoc|x86 = Ad-Hoc|x86
		AppStore|Any CPU = AppStore|Any CPU
		AppStore|ARM = AppStore|ARM
		AppStore|iPhone = AppStore|iPhone
		AppStore|iPhoneSimulator = AppStore|iPhoneSimulator
		AppStore|Mixed Platforms = AppStore|Mixed Platforms
		AppStore|x64 = AppStore|x64
		AppStore|x86 = AppStore|x86
		Debug|Any CPU = Debug|Any CPU
		Debug|ARM = Debug|ARM
		Debug|iPhone = Debug|iPhone
		Debug|iPhoneSimulator = Debug|iPhoneSimulator
		Debug|Mixed Platforms = Debug|Mixed Platforms
		Debug|x64 = Debug|x64
		Debug|x86 = Debug|x86
		Release|Any CPU = Release|Any CPU
		Release|ARM = Release|ARM
		Release|iPhone = Release|iPhone
		Release|iPhoneSimulator = Release|iPhoneSimulator
		Release|Mixed Platforms = Release|Mixed Platforms
		Release|x64 = Release|x64
		Release|x86 = Release|x86
	EndGlobalSection
	GlobalSection(ProjectConfigurationPlatforms) = postSolution
		{56CD2748-857D-442A-9268-95D99F552840}.Ad-Hoc|Any CPU.ActiveCfg = Release|Any CPU
		{56CD2748-857D-442A-9268-95D99F552840}.Ad-Hoc|Any CPU.Build.0 = Release|Any CPU
		{56CD2748-857D-442A-9268-95D99F552840}.Ad-Hoc|ARM.ActiveCfg = Release|Any CPU
		{56CD2748-857D-442A-9268-95D99F552840}.Ad-Hoc|ARM.Build.0 = Release|Any CPU
		{56CD2748-857D-442A-9268-95D99F552840}.Ad-Hoc|iPhone.ActiveCfg = Release|Any CPU
		{56CD2748-857D-442A-9268-95D99F552840}.Ad-Hoc|iPhone.Build.0 = Release|Any CPU
		{56CD2748-857D-442A-9268-95D99F552840}.Ad-Hoc|iPhoneSimulator.ActiveCfg = Release|Any CPU
		{56CD2748-857D-442A-9268-95D99F552840}.Ad-Hoc|iPhoneSimulator.Build.0 = Release|Any CPU
		{56CD2748-857D-442A-9268-95D99F552840}.Ad-Hoc|Mixed Platforms.ActiveCfg = Release|Any CPU
		{56CD2748-857D-442A-9268-95D99F552840}.Ad-Hoc|Mixed Platforms.Build.0 = Release|Any CPU
		{56CD2748-857D-442A-9268-95D99F552840}.Ad-Hoc|x64.ActiveCfg = Release|Any CPU
		{56CD2748-857D-442A-9268-95D99F552840}.Ad-Hoc|x64.Build.0 = Release|Any CPU
		{56CD2748-857D-442A-9268-95D99F552840}.Ad-Hoc|x86.ActiveCfg = Release|Any CPU
		{56CD2748-857D-442A-9268-95D99F552840}.Ad-Hoc|x86.Build.0 = Release|Any CPU
		{56CD2748-857D-442A-9268-95D99F552840}.AppStore|Any CPU.ActiveCfg = Release|Any CPU
		{56CD2748-857D-442A-9268-95D99F552840}.AppStore|Any CPU.Build.0 = Release|Any CPU
		{56CD2748-857D-442A-9268-95D99F552840}.AppStore|ARM.ActiveCfg = Release|Any CPU
		{56CD2748-857D-442A-9268-95D99F552840}.AppStore|ARM.Build.0 = Release|Any CPU
		{56CD2748-857D-442A-9268-95D99F552840}.AppStore|iPhone.ActiveCfg = Release|Any CPU
		{56CD2748-857D-442A-9268-95D99F552840}.AppStore|iPhone.Build.0 = Release|Any CPU
		{56CD2748-857D-442A-9268-95D99F552840}.AppStore|iPhoneSimulator.ActiveCfg = Release|Any CPU
		{56CD2748-857D-442A-9268-95D99F552840}.AppStore|iPhoneSimulator.Build.0 = Release|Any CPU
		{56CD2748-857D-442A-9268-95D99F552840}.AppStore|Mixed Platforms.ActiveCfg = Release|Any CPU
		{56CD2748-857D-442A-9268-95D99F552840}.AppStore|Mixed Platforms.Build.0 = Release|Any CPU
		{56CD2748-857D-442A-9268-95D99F552840}.AppStore|x64.ActiveCfg = Release|Any CPU
		{56CD2748-857D-442A-9268-95D99F552840}.AppStore|x64.Build.0 = Release|Any CPU
		{56CD2748-857D-442A-9268-95D99F552840}.AppStore|x86.ActiveCfg = Release|Any CPU
		{56CD2748-857D-442A-9268-95D99F552840}.AppStore|x86.Build.0 = Release|Any CPU
		{56CD2748-857D-442A-9268-95D99F552840}.Debug|Any CPU.ActiveCfg = Debug|Any CPU
		{56CD2748-857D-442A-9268-95D99F552840}.Debug|Any CPU.Build.0 = Debug|Any CPU
		{56CD2748-857D-442A-9268-95D99F552840}.Debug|ARM.ActiveCfg = Debug|Any CPU
		{56CD2748-857D-442A-9268-95D99F552840}.Debug|ARM.Build.0 = Debug|Any CPU
		{56CD2748-857D-442A-9268-95D99F552840}.Debug|iPhone.ActiveCfg = Debug|Any CPU
		{56CD2748-857D-442A-9268-95D99F552840}.Debug|iPhone.Build.0 = Debug|Any CPU
		{56CD2748-857D-442A-9268-95D99F552840}.Debug|iPhoneSimulator.ActiveCfg = Debug|Any CPU
		{56CD2748-857D-442A-9268-95D99F552840}.Debug|iPhoneSimulator.Build.0 = Debug|Any CPU
		{56CD2748-857D-442A-9268-95D99F552840}.Debug|Mixed Platforms.ActiveCfg = Debug|Any CPU
		{56CD2748-857D-442A-9268-95D99F552840}.Debug|Mixed Platforms.Build.0 = Debug|Any CPU
		{56CD2748-857D-442A-9268-95D99F552840}.Debug|x64.ActiveCfg = Debug|Any CPU
		{56CD2748-857D-442A-9268-95D99F552840}.Debug|x64.Build.0 = Debug|Any CPU
		{56CD2748-857D-442A-9268-95D99F552840}.Debug|x86.ActiveCfg = Debug|Any CPU
		{56CD2748-857D-442A-9268-95D99F552840}.Debug|x86.Build.0 = Debug|Any CPU
		{56CD2748-857D-442A-9268-95D99F552840}.Release|Any CPU.ActiveCfg = Release|Any CPU
		{56CD2748-857D-442A-9268-95D99F552840}.Release|ARM.ActiveCfg = Release|Any CPU
		{56CD2748-857D-442A-9268-95D99F552840}.Release|ARM.Build.0 = Release|Any CPU
		{56CD2748-857D-442A-9268-95D99F552840}.Release|iPhone.ActiveCfg = Release|Any CPU
		{56CD2748-857D-442A-9268-95D99F552840}.Release|iPhone.Build.0 = Release|Any CPU
		{56CD2748-857D-442A-9268-95D99F552840}.Release|iPhoneSimulator.ActiveCfg = Release|Any CPU
		{56CD2748-857D-442A-9268-95D99F552840}.Release|iPhoneSimulator.Build.0 = Release|Any CPU
		{56CD2748-857D-442A-9268-95D99F552840}.Release|Mixed Platforms.ActiveCfg = Release|Any CPU
		{56CD2748-857D-442A-9268-95D99F552840}.Release|x64.ActiveCfg = Release|Any CPU
		{56CD2748-857D-442A-9268-95D99F552840}.Release|x64.Build.0 = Release|Any CPU
		{56CD2748-857D-442A-9268-95D99F552840}.Release|x86.ActiveCfg = Release|Any CPU
		{A8A8B9B3-34FA-4769-AE81-4D80F9BDC3BB}.Ad-Hoc|Any CPU.ActiveCfg = Release|Any CPU
		{A8A8B9B3-34FA-4769-AE81-4D80F9BDC3BB}.Ad-Hoc|Any CPU.Build.0 = Release|Any CPU
		{A8A8B9B3-34FA-4769-AE81-4D80F9BDC3BB}.Ad-Hoc|ARM.ActiveCfg = Release|Any CPU
		{A8A8B9B3-34FA-4769-AE81-4D80F9BDC3BB}.Ad-Hoc|ARM.Build.0 = Release|Any CPU
		{A8A8B9B3-34FA-4769-AE81-4D80F9BDC3BB}.Ad-Hoc|iPhone.ActiveCfg = Release|Any CPU
		{A8A8B9B3-34FA-4769-AE81-4D80F9BDC3BB}.Ad-Hoc|iPhone.Build.0 = Release|Any CPU
		{A8A8B9B3-34FA-4769-AE81-4D80F9BDC3BB}.Ad-Hoc|iPhoneSimulator.ActiveCfg = Release|Any CPU
		{A8A8B9B3-34FA-4769-AE81-4D80F9BDC3BB}.Ad-Hoc|iPhoneSimulator.Build.0 = Release|Any CPU
		{A8A8B9B3-34FA-4769-AE81-4D80F9BDC3BB}.Ad-Hoc|Mixed Platforms.ActiveCfg = Release|Any CPU
		{A8A8B9B3-34FA-4769-AE81-4D80F9BDC3BB}.Ad-Hoc|Mixed Platforms.Build.0 = Release|Any CPU
		{A8A8B9B3-34FA-4769-AE81-4D80F9BDC3BB}.Ad-Hoc|x64.ActiveCfg = Release|Any CPU
		{A8A8B9B3-34FA-4769-AE81-4D80F9BDC3BB}.Ad-Hoc|x64.Build.0 = Release|Any CPU
		{A8A8B9B3-34FA-4769-AE81-4D80F9BDC3BB}.Ad-Hoc|x86.ActiveCfg = Release|Any CPU
		{A8A8B9B3-34FA-4769-AE81-4D80F9BDC3BB}.Ad-Hoc|x86.Build.0 = Release|Any CPU
		{A8A8B9B3-34FA-4769-AE81-4D80F9BDC3BB}.AppStore|Any CPU.ActiveCfg = Release|Any CPU
		{A8A8B9B3-34FA-4769-AE81-4D80F9BDC3BB}.AppStore|Any CPU.Build.0 = Release|Any CPU
		{A8A8B9B3-34FA-4769-AE81-4D80F9BDC3BB}.AppStore|ARM.ActiveCfg = Release|Any CPU
		{A8A8B9B3-34FA-4769-AE81-4D80F9BDC3BB}.AppStore|ARM.Build.0 = Release|Any CPU
		{A8A8B9B3-34FA-4769-AE81-4D80F9BDC3BB}.AppStore|iPhone.ActiveCfg = Release|Any CPU
		{A8A8B9B3-34FA-4769-AE81-4D80F9BDC3BB}.AppStore|iPhone.Build.0 = Release|Any CPU
		{A8A8B9B3-34FA-4769-AE81-4D80F9BDC3BB}.AppStore|iPhoneSimulator.ActiveCfg = Release|Any CPU
		{A8A8B9B3-34FA-4769-AE81-4D80F9BDC3BB}.AppStore|iPhoneSimulator.Build.0 = Release|Any CPU
		{A8A8B9B3-34FA-4769-AE81-4D80F9BDC3BB}.AppStore|Mixed Platforms.ActiveCfg = Release|Any CPU
		{A8A8B9B3-34FA-4769-AE81-4D80F9BDC3BB}.AppStore|Mixed Platforms.Build.0 = Release|Any CPU
		{A8A8B9B3-34FA-4769-AE81-4D80F9BDC3BB}.AppStore|x64.ActiveCfg = Release|Any CPU
		{A8A8B9B3-34FA-4769-AE81-4D80F9BDC3BB}.AppStore|x64.Build.0 = Release|Any CPU
		{A8A8B9B3-34FA-4769-AE81-4D80F9BDC3BB}.AppStore|x86.ActiveCfg = Release|Any CPU
		{A8A8B9B3-34FA-4769-AE81-4D80F9BDC3BB}.AppStore|x86.Build.0 = Release|Any CPU
		{A8A8B9B3-34FA-4769-AE81-4D80F9BDC3BB}.Debug|Any CPU.ActiveCfg = Debug|Any CPU
		{A8A8B9B3-34FA-4769-AE81-4D80F9BDC3BB}.Debug|Any CPU.Build.0 = Debug|Any CPU
		{A8A8B9B3-34FA-4769-AE81-4D80F9BDC3BB}.Debug|Any CPU.Deploy.0 = Debug|Any CPU
		{A8A8B9B3-34FA-4769-AE81-4D80F9BDC3BB}.Debug|ARM.ActiveCfg = Debug|Any CPU
		{A8A8B9B3-34FA-4769-AE81-4D80F9BDC3BB}.Debug|ARM.Build.0 = Debug|Any CPU
		{A8A8B9B3-34FA-4769-AE81-4D80F9BDC3BB}.Debug|iPhone.ActiveCfg = Debug|Any CPU
		{A8A8B9B3-34FA-4769-AE81-4D80F9BDC3BB}.Debug|iPhone.Build.0 = Debug|Any CPU
		{A8A8B9B3-34FA-4769-AE81-4D80F9BDC3BB}.Debug|iPhoneSimulator.ActiveCfg = Debug|Any CPU
		{A8A8B9B3-34FA-4769-AE81-4D80F9BDC3BB}.Debug|iPhoneSimulator.Build.0 = Debug|Any CPU
		{A8A8B9B3-34FA-4769-AE81-4D80F9BDC3BB}.Debug|Mixed Platforms.ActiveCfg = Debug|Any CPU
		{A8A8B9B3-34FA-4769-AE81-4D80F9BDC3BB}.Debug|Mixed Platforms.Build.0 = Debug|Any CPU
		{A8A8B9B3-34FA-4769-AE81-4D80F9BDC3BB}.Debug|x64.ActiveCfg = Debug|Any CPU
		{A8A8B9B3-34FA-4769-AE81-4D80F9BDC3BB}.Debug|x64.Build.0 = Debug|Any CPU
		{A8A8B9B3-34FA-4769-AE81-4D80F9BDC3BB}.Debug|x86.ActiveCfg = Debug|Any CPU
		{A8A8B9B3-34FA-4769-AE81-4D80F9BDC3BB}.Debug|x86.Build.0 = Debug|Any CPU
		{A8A8B9B3-34FA-4769-AE81-4D80F9BDC3BB}.Release|Any CPU.ActiveCfg = Release|Any CPU
		{A8A8B9B3-34FA-4769-AE81-4D80F9BDC3BB}.Release|ARM.ActiveCfg = Release|Any CPU
		{A8A8B9B3-34FA-4769-AE81-4D80F9BDC3BB}.Release|ARM.Build.0 = Release|Any CPU
		{A8A8B9B3-34FA-4769-AE81-4D80F9BDC3BB}.Release|iPhone.ActiveCfg = Release|Any CPU
		{A8A8B9B3-34FA-4769-AE81-4D80F9BDC3BB}.Release|iPhone.Build.0 = Release|Any CPU
		{A8A8B9B3-34FA-4769-AE81-4D80F9BDC3BB}.Release|iPhoneSimulator.ActiveCfg = Release|Any CPU
		{A8A8B9B3-34FA-4769-AE81-4D80F9BDC3BB}.Release|iPhoneSimulator.Build.0 = Release|Any CPU
		{A8A8B9B3-34FA-4769-AE81-4D80F9BDC3BB}.Release|Mixed Platforms.ActiveCfg = Release|Any CPU
		{A8A8B9B3-34FA-4769-AE81-4D80F9BDC3BB}.Release|x64.ActiveCfg = Release|Any CPU
		{A8A8B9B3-34FA-4769-AE81-4D80F9BDC3BB}.Release|x64.Build.0 = Release|Any CPU
		{A8A8B9B3-34FA-4769-AE81-4D80F9BDC3BB}.Release|x86.ActiveCfg = Release|Any CPU
		{A8A8B9B3-34FA-4769-AE81-4D80F9BDC3BB}.Release|x86.Build.0 = Release|Any CPU
		{344370AA-AC33-4E7B-8C82-67CEA99F45ED}.Ad-Hoc|Any CPU.ActiveCfg = Debug|iPhoneSimulator
		{344370AA-AC33-4E7B-8C82-67CEA99F45ED}.Ad-Hoc|Any CPU.Build.0 = Debug|iPhoneSimulator
		{344370AA-AC33-4E7B-8C82-67CEA99F45ED}.Ad-Hoc|ARM.ActiveCfg = Debug|iPhoneSimulator
		{344370AA-AC33-4E7B-8C82-67CEA99F45ED}.Ad-Hoc|ARM.Build.0 = Debug|iPhoneSimulator
		{344370AA-AC33-4E7B-8C82-67CEA99F45ED}.Ad-Hoc|iPhone.ActiveCfg = Release|iPhone
		{344370AA-AC33-4E7B-8C82-67CEA99F45ED}.Ad-Hoc|iPhone.Build.0 = Release|iPhone
		{344370AA-AC33-4E7B-8C82-67CEA99F45ED}.Ad-Hoc|iPhoneSimulator.ActiveCfg = Debug|iPhoneSimulator
		{344370AA-AC33-4E7B-8C82-67CEA99F45ED}.Ad-Hoc|iPhoneSimulator.Build.0 = Debug|iPhoneSimulator
		{344370AA-AC33-4E7B-8C82-67CEA99F45ED}.Ad-Hoc|Mixed Platforms.ActiveCfg = Debug|iPhoneSimulator
		{344370AA-AC33-4E7B-8C82-67CEA99F45ED}.Ad-Hoc|Mixed Platforms.Build.0 = Debug|iPhoneSimulator
		{344370AA-AC33-4E7B-8C82-67CEA99F45ED}.Ad-Hoc|x64.ActiveCfg = Debug|iPhoneSimulator
		{344370AA-AC33-4E7B-8C82-67CEA99F45ED}.Ad-Hoc|x64.Build.0 = Debug|iPhoneSimulator
		{344370AA-AC33-4E7B-8C82-67CEA99F45ED}.Ad-Hoc|x86.ActiveCfg = Debug|iPhoneSimulator
		{344370AA-AC33-4E7B-8C82-67CEA99F45ED}.Ad-Hoc|x86.Build.0 = Debug|iPhoneSimulator
		{344370AA-AC33-4E7B-8C82-67CEA99F45ED}.AppStore|Any CPU.ActiveCfg = Debug|iPhoneSimulator
		{344370AA-AC33-4E7B-8C82-67CEA99F45ED}.AppStore|Any CPU.Build.0 = Debug|iPhoneSimulator
		{344370AA-AC33-4E7B-8C82-67CEA99F45ED}.AppStore|ARM.ActiveCfg = Debug|iPhoneSimulator
		{344370AA-AC33-4E7B-8C82-67CEA99F45ED}.AppStore|ARM.Build.0 = Debug|iPhoneSimulator
		{344370AA-AC33-4E7B-8C82-67CEA99F45ED}.AppStore|iPhone.ActiveCfg = Release|iPhone
		{344370AA-AC33-4E7B-8C82-67CEA99F45ED}.AppStore|iPhone.Build.0 = Release|iPhone
		{344370AA-AC33-4E7B-8C82-67CEA99F45ED}.AppStore|iPhoneSimulator.ActiveCfg = Debug|iPhoneSimulator
		{344370AA-AC33-4E7B-8C82-67CEA99F45ED}.AppStore|iPhoneSimulator.Build.0 = Debug|iPhoneSimulator
		{344370AA-AC33-4E7B-8C82-67CEA99F45ED}.AppStore|Mixed Platforms.ActiveCfg = Debug|iPhoneSimulator
		{344370AA-AC33-4E7B-8C82-67CEA99F45ED}.AppStore|Mixed Platforms.Build.0 = Debug|iPhoneSimulator
		{344370AA-AC33-4E7B-8C82-67CEA99F45ED}.AppStore|x64.ActiveCfg = Debug|iPhoneSimulator
		{344370AA-AC33-4E7B-8C82-67CEA99F45ED}.AppStore|x64.Build.0 = Debug|iPhoneSimulator
		{344370AA-AC33-4E7B-8C82-67CEA99F45ED}.AppStore|x86.ActiveCfg = Debug|iPhoneSimulator
		{344370AA-AC33-4E7B-8C82-67CEA99F45ED}.AppStore|x86.Build.0 = Debug|iPhoneSimulator
		{344370AA-AC33-4E7B-8C82-67CEA99F45ED}.Debug|Any CPU.ActiveCfg = Debug|iPhoneSimulator
		{344370AA-AC33-4E7B-8C82-67CEA99F45ED}.Debug|Any CPU.Build.0 = Debug|iPhoneSimulator
		{344370AA-AC33-4E7B-8C82-67CEA99F45ED}.Debug|ARM.ActiveCfg = Debug|iPhoneSimulator
		{344370AA-AC33-4E7B-8C82-67CEA99F45ED}.Debug|ARM.Build.0 = Debug|iPhoneSimulator
		{344370AA-AC33-4E7B-8C82-67CEA99F45ED}.Debug|iPhone.ActiveCfg = Debug|iPhone
		{344370AA-AC33-4E7B-8C82-67CEA99F45ED}.Debug|iPhone.Build.0 = Debug|iPhone
		{344370AA-AC33-4E7B-8C82-67CEA99F45ED}.Debug|iPhoneSimulator.ActiveCfg = Debug|iPhoneSimulator
		{344370AA-AC33-4E7B-8C82-67CEA99F45ED}.Debug|iPhoneSimulator.Build.0 = Debug|iPhoneSimulator
		{344370AA-AC33-4E7B-8C82-67CEA99F45ED}.Debug|Mixed Platforms.ActiveCfg = Debug|iPhoneSimulator
		{344370AA-AC33-4E7B-8C82-67CEA99F45ED}.Debug|Mixed Platforms.Build.0 = Debug|iPhoneSimulator
		{344370AA-AC33-4E7B-8C82-67CEA99F45ED}.Debug|x64.ActiveCfg = Debug|iPhoneSimulator
		{344370AA-AC33-4E7B-8C82-67CEA99F45ED}.Debug|x64.Build.0 = Debug|iPhoneSimulator
		{344370AA-AC33-4E7B-8C82-67CEA99F45ED}.Debug|x86.ActiveCfg = Debug|iPhoneSimulator
		{344370AA-AC33-4E7B-8C82-67CEA99F45ED}.Debug|x86.Build.0 = Debug|iPhoneSimulator
		{344370AA-AC33-4E7B-8C82-67CEA99F45ED}.Release|Any CPU.ActiveCfg = Release|iPhone
		{344370AA-AC33-4E7B-8C82-67CEA99F45ED}.Release|ARM.ActiveCfg = Release|iPhone
		{344370AA-AC33-4E7B-8C82-67CEA99F45ED}.Release|ARM.Build.0 = Release|iPhone
		{344370AA-AC33-4E7B-8C82-67CEA99F45ED}.Release|iPhone.ActiveCfg = Release|iPhone
		{344370AA-AC33-4E7B-8C82-67CEA99F45ED}.Release|iPhone.Build.0 = Release|iPhone
		{344370AA-AC33-4E7B-8C82-67CEA99F45ED}.Release|iPhoneSimulator.ActiveCfg = Release|iPhoneSimulator
		{344370AA-AC33-4E7B-8C82-67CEA99F45ED}.Release|iPhoneSimulator.Build.0 = Release|iPhoneSimulator
		{344370AA-AC33-4E7B-8C82-67CEA99F45ED}.Release|Mixed Platforms.ActiveCfg = Release|iPhone
		{344370AA-AC33-4E7B-8C82-67CEA99F45ED}.Release|x64.ActiveCfg = Release|iPhone
		{344370AA-AC33-4E7B-8C82-67CEA99F45ED}.Release|x64.Build.0 = Release|iPhone
		{344370AA-AC33-4E7B-8C82-67CEA99F45ED}.Release|x86.ActiveCfg = Release|iPhone
		{344370AA-AC33-4E7B-8C82-67CEA99F45ED}.Release|x86.Build.0 = Release|iPhone
	EndGlobalSection
	GlobalSection(SolutionProperties) = preSolution
		HideSolutionNode = FALSE
	EndGlobalSection
	GlobalSection(NestedProjects) = preSolution
		{672BE1BB-5782-4052-80F2-BE27FF941D68} = {E05687BD-69EB-4228-BD46-5D216CD68F01}
		{56CD2748-857D-442A-9268-95D99F552840} = {672BE1BB-5782-4052-80F2-BE27FF941D68}
		{A8A8B9B3-34FA-4769-AE81-4D80F9BDC3BB} = {672BE1BB-5782-4052-80F2-BE27FF941D68}
		{344370AA-AC33-4E7B-8C82-67CEA99F45ED} = {672BE1BB-5782-4052-80F2-BE27FF941D68}
	EndGlobalSection
	GlobalSection(ExtensibilityGlobals) = postSolution
		SolutionGuid = {DF699BD4-C673-4FD0-8906-0324BF3CC1C9}
	EndGlobalSection
	GlobalSection(CodealikeProperties) = postSolution
		SolutionGuid = abb7da46-db09-4c1f-a195-10eaea4d9a3b
	EndGlobalSection
EndGlobal
